
Microsoft Visual Studio Solution File, Format Version 12.00
# Visual Studio Version 17
VisualStudioVersion = 17.10.34916.146
MinimumVisualStudioVersion = 10.0.40219.1
Project("{8BC9CEB8-8B4A-11D0-8D11-00A0C91BC942}") = "BitClient", "BitClient\BitClient.vcxproj", "{08DE4491-3D2B-4738-B267-E25C0481AB31}"
EndProject
Global
	GlobalSection(SolutionConfigurationPlatforms) = preSolution
		Debug|x64 = Debug|x64
		Debug|x86 = Debug|x86
		Release|x64 = Release|x64
		Release|x86 = Release|x86
	EndGlobalSection
	GlobalSection(ProjectConfigurationPlatforms) = postSolution
		{08DE4491-3D2B-4738-B267-E25C0481AB31}.Debug|x64.ActiveCfg = Debug|x64
		{08DE4491-3D2B-4738-B267-E25C0481AB31}.Debug|x64.Build.0 = Debug|x64
		{08DE4491-3D2B-4738-B267-E25C0481AB31}.Debug|x86.ActiveCfg = Debug|Win32
		{08DE4491-3D2B-4738-B267-E25C0481AB31}.Debug|x86.Build.0 = Debug|Win32
		{08DE4491-3D2B-4738-B267-E25C0481AB31}.Release|x64.ActiveCfg = Release|x64
		{08DE4491-3D2B-4738-B267-E25C0481AB31}.Release|x64.Build.0 = Release|x64
		{08DE4491-3D2B-4738-B267-E25C0481AB31}.Release|x86.ActiveCfg = Release|Win32
		{08DE4491-3D2B-4738-B267-E25C0481AB31}.Release|x86.Build.0 = Release|Win32
	EndGlobalSection
	GlobalSection(SolutionProperties) = preSolution
		HideSolutionNode = FALSE
	EndGlobalSection
	GlobalSection(ExtensibilityGlobals) = postSolution
		SolutionGuid = {BB41C3F3-1C51-4201-8EF9-3E2862D0A51D}
	EndGlobalSection
EndGlobal
